
Microsoft Visual Studio Solution File, Format Version 12.00
# Visual Studio Version 16
VisualStudioVersion = 16.0.31729.503
MinimumVisualStudioVersion = 10.0.40219.1
Project("{FAE04EC0-301F-11D3-BF4B-00C04F79EFBC}") = "DiemDanhQR", "DiemDanhQR\DiemDanhQR.csproj", "{32460E25-DF7C-437D-B811-B33829898029}"
EndProject
Global
	GlobalSection(SolutionConfigurationPlatforms) = preSolution
		Debug|Any CPU = Debug|Any CPU
		Release|Any CPU = Release|Any CPU
	EndGlobalSection
	GlobalSection(ProjectConfigurationPlatforms) = postSolution
		{32460E25-DF7C-437D-B811-B33829898029}.Debug|Any CPU.ActiveCfg = Debug|Any CPU
		{32460E25-DF7C-437D-B811-B33829898029}.Debug|Any CPU.Build.0 = Debug|Any CPU
		{32460E25-DF7C-437D-B811-B33829898029}.Release|Any CPU.ActiveCfg = Release|Any CPU
		{32460E25-DF7C-437D-B811-B33829898029}.Release|Any CPU.Build.0 = Release|Any CPU
	EndGlobalSection
	GlobalSection(SolutionProperties) = preSolution
		HideSolutionNode = FALSE
	EndGlobalSection
	GlobalSection(ExtensibilityGlobals) = postSolution
		SolutionGuid = {EBC75093-FB1A-4C5C-85F9-26D12CAB003C}
	EndGlobalSection
EndGlobal
